
Microsoft Visual Studio Solution File, Format Version 11.00
# Visual Studio 2010
Project("{FAE04EC0-301F-11D3-BF4B-00C04F79EFBC}") = "Sirius.WebEventReminder", "Sirius.WebEventReminder\Sirius.WebEventReminder.csproj", "{731BAAAE-BE33-4E50-9060-77409AE2A4E0}"
EndProject
Project("{FAE04EC0-301F-11D3-BF4B-00C04F79EFBC}") = "Sirius.WebEventReminder.Tests", "Sirius.WebEventReminder.Tests\Sirius.WebEventReminder.Tests.csproj", "{418B1205-EBBB-43A6-875D-6E2624545327}"
EndProject
Project("{FAE04EC0-301F-11D3-BF4B-00C04F79EFBC}") = "Sirius.WebEventReminder.Interfaces", "Sirius.WebEventReminder.Interfaces\Sirius.WebEventReminder.Interfaces.csproj", "{B21DF71B-5D65-422B-9DD9-49D2A4113E23}"
EndProject
Project("{2150E333-8FDC-42A3-9474-1A3956D46DE8}") = ".nuget", ".nuget", "{35E93A2F-1EA5-49E2-8531-ED9F9BD04E88}"
	ProjectSection(SolutionItems) = preProject
		.nuget\NuGet.Config = .nuget\NuGet.Config
		.nuget\NuGet.exe = .nuget\NuGet.exe
		.nuget\NuGet.targets = .nuget\NuGet.targets
	EndProjectSection
EndProject
Project("{FAE04EC0-301F-11D3-BF4B-00C04F79EFBC}") = "Sirius.WebEventReminder.BackendService", "Sirius.WebEventReminder.BackendService\Sirius.WebEventReminder.BackendService.csproj", "{97083301-8952-4021-84CD-F35DEC036D3E}"
EndProject
Project("{FAE04EC0-301F-11D3-BF4B-00C04F79EFBC}") = "Sirius.Messaging.Interfaces", "..\Sirius.Framework\Sirius.Messaging.Interfaces\Sirius.Messaging.Interfaces.csproj", "{C8E43152-4223-44A1-991D-02B9EA655E64}"
EndProject
Project("{FAE04EC0-301F-11D3-BF4B-00C04F79EFBC}") = "Sirius.Messaging.SqlCe", "..\Sirius.Framework\Sirius.Messaging.SqlCe\Sirius.Messaging.SqlCe.csproj", "{F6E51A79-6E2E-4CA8-A640-50B54C85CB9A}"
EndProject
Project("{2150E333-8FDC-42A3-9474-1A3956D46DE8}") = "Solution Items", "Solution Items", "{EF17F14F-DD68-478B-BBCC-5145DCDDEF04}"
EndProject
Project("{FAE04EC0-301F-11D3-BF4B-00C04F79EFBC}") = "Sirius.Common", "..\Sirius.Framework\Sirius.Common\Sirius.Common.csproj", "{EDA71828-B087-478C-B5FB-E51087E72883}"
EndProject
Global
	GlobalSection(SolutionConfigurationPlatforms) = preSolution
		Debug|Any CPU = Debug|Any CPU
		Debug|Mixed Platforms = Debug|Mixed Platforms
		Debug|x86 = Debug|x86
		Release|Any CPU = Release|Any CPU
		Release|Mixed Platforms = Release|Mixed Platforms
		Release|x86 = Release|x86
	EndGlobalSection
	GlobalSection(ProjectConfigurationPlatforms) = postSolution
		{731BAAAE-BE33-4E50-9060-77409AE2A4E0}.Debug|Any CPU.ActiveCfg = Debug|Any CPU
		{731BAAAE-BE33-4E50-9060-77409AE2A4E0}.Debug|Any CPU.Build.0 = Debug|Any CPU
		{731BAAAE-BE33-4E50-9060-77409AE2A4E0}.Debug|Mixed Platforms.ActiveCfg = Debug|Any CPU
		{731BAAAE-BE33-4E50-9060-77409AE2A4E0}.Debug|Mixed Platforms.Build.0 = Debug|Any CPU
		{731BAAAE-BE33-4E50-9060-77409AE2A4E0}.Debug|x86.ActiveCfg = Debug|Any CPU
		{731BAAAE-BE33-4E50-9060-77409AE2A4E0}.Debug|x86.Build.0 = Debug|Any CPU
		{731BAAAE-BE33-4E50-9060-77409AE2A4E0}.Release|Any CPU.ActiveCfg = Release|Any CPU
		{731BAAAE-BE33-4E50-9060-77409AE2A4E0}.Release|Any CPU.Build.0 = Release|Any CPU
		{731BAAAE-BE33-4E50-9060-77409AE2A4E0}.Release|Mixed Platforms.ActiveCfg = Release|Any CPU
		{731BAAAE-BE33-4E50-9060-77409AE2A4E0}.Release|Mixed Platforms.Build.0 = Release|Any CPU
		{731BAAAE-BE33-4E50-9060-77409AE2A4E0}.Release|x86.ActiveCfg = Release|Any CPU
		{418B1205-EBBB-43A6-875D-6E2624545327}.Debug|Any CPU.ActiveCfg = Debug|Any CPU
		{418B1205-EBBB-43A6-875D-6E2624545327}.Debug|Any CPU.Build.0 = Debug|Any CPU
		{418B1205-EBBB-43A6-875D-6E2624545327}.Debug|Mixed Platforms.ActiveCfg = Debug|Any CPU
		{418B1205-EBBB-43A6-875D-6E2624545327}.Debug|Mixed Platforms.Build.0 = Debug|Any CPU
		{418B1205-EBBB-43A6-875D-6E2624545327}.Debug|x86.ActiveCfg = Debug|Any CPU
		{418B1205-EBBB-43A6-875D-6E2624545327}.Debug|x86.Build.0 = Debug|Any CPU
		{418B1205-EBBB-43A6-875D-6E2624545327}.Release|Any CPU.ActiveCfg = Release|Any CPU
		{418B1205-EBBB-43A6-875D-6E2624545327}.Release|Any CPU.Build.0 = Release|Any CPU
		{418B1205-EBBB-43A6-875D-6E2624545327}.Release|Mixed Platforms.ActiveCfg = Release|Any CPU
		{418B1205-EBBB-43A6-875D-6E2624545327}.Release|Mixed Platforms.Build.0 = Release|Any CPU
		{418B1205-EBBB-43A6-875D-6E2624545327}.Release|x86.ActiveCfg = Release|Any CPU
		{B21DF71B-5D65-422B-9DD9-49D2A4113E23}.Debug|Any CPU.ActiveCfg = Debug|Any CPU
		{B21DF71B-5D65-422B-9DD9-49D2A4113E23}.Debug|Any CPU.Build.0 = Debug|Any CPU
		{B21DF71B-5D65-422B-9DD9-49D2A4113E23}.Debug|Mixed Platforms.ActiveCfg = Debug|Any CPU
		{B21DF71B-5D65-422B-9DD9-49D2A4113E23}.Debug|Mixed Platforms.Build.0 = Debug|Any CPU
		{B21DF71B-5D65-422B-9DD9-49D2A4113E23}.Debug|x86.ActiveCfg = Debug|Any CPU
		{B21DF71B-5D65-422B-9DD9-49D2A4113E23}.Debug|x86.Build.0 = Debug|Any CPU
		{B21DF71B-5D65-422B-9DD9-49D2A4113E23}.Release|Any CPU.ActiveCfg = Release|Any CPU
		{B21DF71B-5D65-422B-9DD9-49D2A4113E23}.Release|Any CPU.Build.0 = Release|Any CPU
		{B21DF71B-5D65-422B-9DD9-49D2A4113E23}.Release|Mixed Platforms.ActiveCfg = Release|Any CPU
		{B21DF71B-5D65-422B-9DD9-49D2A4113E23}.Release|Mixed Platforms.Build.0 = Release|Any CPU
		{B21DF71B-5D65-422B-9DD9-49D2A4113E23}.Release|x86.ActiveCfg = Release|Any CPU
		{97083301-8952-4021-84CD-F35DEC036D3E}.Debug|Any CPU.ActiveCfg = Debug|x86
		{97083301-8952-4021-84CD-F35DEC036D3E}.Debug|Mixed Platforms.ActiveCfg = Debug|x86
		{97083301-8952-4021-84CD-F35DEC036D3E}.Debug|Mixed Platforms.Build.0 = Debug|x86
		{97083301-8952-4021-84CD-F35DEC036D3E}.Debug|x86.ActiveCfg = Debug|x86
		{97083301-8952-4021-84CD-F35DEC036D3E}.Debug|x86.Build.0 = Debug|x86
		{97083301-8952-4021-84CD-F35DEC036D3E}.Release|Any CPU.ActiveCfg = Release|x86
		{97083301-8952-4021-84CD-F35DEC036D3E}.Release|Mixed Platforms.ActiveCfg = Release|x86
		{97083301-8952-4021-84CD-F35DEC036D3E}.Release|Mixed Platforms.Build.0 = Release|x86
		{97083301-8952-4021-84CD-F35DEC036D3E}.Release|x86.ActiveCfg = Release|x86
		{97083301-8952-4021-84CD-F35DEC036D3E}.Release|x86.Build.0 = Release|x86
		{C8E43152-4223-44A1-991D-02B9EA655E64}.Debug|Any CPU.ActiveCfg = Debug|Any CPU
		{C8E43152-4223-44A1-991D-02B9EA655E64}.Debug|Any CPU.Build.0 = Debug|Any CPU
		{C8E43152-4223-44A1-991D-02B9EA655E64}.Debug|Mixed Platforms.ActiveCfg = Debug|Any CPU
		{C8E43152-4223-44A1-991D-02B9EA655E64}.Debug|Mixed Platforms.Build.0 = Debug|Any CPU
		{C8E43152-4223-44A1-991D-02B9EA655E64}.Debug|x86.ActiveCfg = Debug|Any CPU
		{C8E43152-4223-44A1-991D-02B9EA655E64}.Release|Any CPU.ActiveCfg = Release|Any CPU
		{C8E43152-4223-44A1-991D-02B9EA655E64}.Release|Any CPU.Build.0 = Release|Any CPU
		{C8E43152-4223-44A1-991D-02B9EA655E64}.Release|Mixed Platforms.ActiveCfg = Release|Any CPU
		{C8E43152-4223-44A1-991D-02B9EA655E64}.Release|Mixed Platforms.Build.0 = Release|Any CPU
		{C8E43152-4223-44A1-991D-02B9EA655E64}.Release|x86.ActiveCfg = Release|Any CPU
		{F6E51A79-6E2E-4CA8-A640-50B54C85CB9A}.Debug|Any CPU.ActiveCfg = Debug|Any CPU
		{F6E51A79-6E2E-4CA8-A640-50B54C85CB9A}.Debug|Any CPU.Build.0 = Debug|Any CPU
		{F6E51A79-6E2E-4CA8-A640-50B54C85CB9A}.Debug|Mixed Platforms.ActiveCfg = Debug|Any CPU
		{F6E51A79-6E2E-4CA8-A640-50B54C85CB9A}.Debug|Mixed Platforms.Build.0 = Debug|Any CPU
		{F6E51A79-6E2E-4CA8-A640-50B54C85CB9A}.Debug|x86.ActiveCfg = Debug|Any CPU
		{F6E51A79-6E2E-4CA8-A640-50B54C85CB9A}.Release|Any CPU.ActiveCfg = Release|Any CPU
		{F6E51A79-6E2E-4CA8-A640-50B54C85CB9A}.Release|Any CPU.Build.0 = Release|Any CPU
		{F6E51A79-6E2E-4CA8-A640-50B54C85CB9A}.Release|Mixed Platforms.ActiveCfg = Release|Any CPU
		{F6E51A79-6E2E-4CA8-A640-50B54C85CB9A}.Release|Mixed Platforms.Build.0 = Release|Any CPU
		{F6E51A79-6E2E-4CA8-A640-50B54C85CB9A}.Release|x86.ActiveCfg = Release|Any CPU
		{EDA71828-B087-478C-B5FB-E51087E72883}.Debug|Any CPU.ActiveCfg = Debug|Any CPU
		{EDA71828-B087-478C-B5FB-E51087E72883}.Debug|Any CPU.Build.0 = Debug|Any CPU
		{EDA71828-B087-478C-B5FB-E51087E72883}.Debug|Mixed Platforms.ActiveCfg = Debug|Any CPU
		{EDA71828-B087-478C-B5FB-E51087E72883}.Debug|Mixed Platforms.Build.0 = Debug|Any CPU
		{EDA71828-B087-478C-B5FB-E51087E72883}.Debug|x86.ActiveCfg = Debug|Any CPU
		{EDA71828-B087-478C-B5FB-E51087E72883}.Release|Any CPU.ActiveCfg = Release|Any CPU
		{EDA71828-B087-478C-B5FB-E51087E72883}.Release|Any CPU.Build.0 = Release|Any CPU
		{EDA71828-B087-478C-B5FB-E51087E72883}.Release|Mixed Platforms.ActiveCfg = Release|Any CPU
		{EDA71828-B087-478C-B5FB-E51087E72883}.Release|Mixed Platforms.Build.0 = Release|Any CPU
		{EDA71828-B087-478C-B5FB-E51087E72883}.Release|x86.ActiveCfg = Release|Any CPU
	EndGlobalSection
	GlobalSection(SolutionProperties) = preSolution
		HideSolutionNode = FALSE
	EndGlobalSection
EndGlobal
